
Microsoft Visual Studio Solution File, Format Version 12.00
# Visual Studio 15
VisualStudioVersion = 15.0.27703.2042
MinimumVisualStudioVersion = 10.0.40219.1
Project("{FAE04EC0-301F-11D3-BF4B-00C04F79EFBC}") = "ReceivingStation", "ReceivingStation\ReceivingStation.csproj", "{A9F19005-35CB-49F2-8565-A666C3B8B150}"
EndProject
Project("{FAE04EC0-301F-11D3-BF4B-00C04F79EFBC}") = "WorkingTimer", "WorkingTimer\WorkingTimer.csproj", "{7A652FE3-D0DC-489B-9252-47DE90853D78}"
EndProject
Project("{888888A0-9F3D-457C-B088-3A5042F75D52}") = "ClientForTestServer", "ClientForTestServer\ClientForTestServer.pyproj", "{266EE8F5-903A-45DD-AD9F-674459AD00C4}"
EndProject
Project("{FAE04EC0-301F-11D3-BF4B-00C04F79EFBC}") = "MkoComparison", "MkoComparison\MkoComparison.csproj", "{0176544F-61A0-4F16-8215-0F75B5D82BD0}"
EndProject
Global
	GlobalSection(SolutionConfigurationPlatforms) = preSolution
		Debug|Any CPU = Debug|Any CPU
		Debug|x86 = Debug|x86
		Release|Any CPU = Release|Any CPU
		Release|x86 = Release|x86
	EndGlobalSection
	GlobalSection(ProjectConfigurationPlatforms) = postSolution
		{A9F19005-35CB-49F2-8565-A666C3B8B150}.Debug|Any CPU.ActiveCfg = Debug|Any CPU
		{A9F19005-35CB-49F2-8565-A666C3B8B150}.Debug|Any CPU.Build.0 = Debug|Any CPU
		{A9F19005-35CB-49F2-8565-A666C3B8B150}.Debug|x86.ActiveCfg = Debug|Any CPU
		{A9F19005-35CB-49F2-8565-A666C3B8B150}.Debug|x86.Build.0 = Debug|Any CPU
		{A9F19005-35CB-49F2-8565-A666C3B8B150}.Release|Any CPU.ActiveCfg = Release|Any CPU
		{A9F19005-35CB-49F2-8565-A666C3B8B150}.Release|Any CPU.Build.0 = Release|Any CPU
		{A9F19005-35CB-49F2-8565-A666C3B8B150}.Release|x86.ActiveCfg = Release|Any CPU
		{A9F19005-35CB-49F2-8565-A666C3B8B150}.Release|x86.Build.0 = Release|Any CPU
		{7A652FE3-D0DC-489B-9252-47DE90853D78}.Debug|Any CPU.ActiveCfg = Debug|Any CPU
		{7A652FE3-D0DC-489B-9252-47DE90853D78}.Debug|Any CPU.Build.0 = Debug|Any CPU
		{7A652FE3-D0DC-489B-9252-47DE90853D78}.Debug|x86.ActiveCfg = Debug|Any CPU
		{7A652FE3-D0DC-489B-9252-47DE90853D78}.Debug|x86.Build.0 = Debug|Any CPU
		{7A652FE3-D0DC-489B-9252-47DE90853D78}.Release|Any CPU.ActiveCfg = Release|Any CPU
		{7A652FE3-D0DC-489B-9252-47DE90853D78}.Release|Any CPU.Build.0 = Release|Any CPU
		{7A652FE3-D0DC-489B-9252-47DE90853D78}.Release|x86.ActiveCfg = Release|Any CPU
		{7A652FE3-D0DC-489B-9252-47DE90853D78}.Release|x86.Build.0 = Release|Any CPU
		{266EE8F5-903A-45DD-AD9F-674459AD00C4}.Debug|Any CPU.ActiveCfg = Debug|Any CPU
		{266EE8F5-903A-45DD-AD9F-674459AD00C4}.Debug|x86.ActiveCfg = Debug|Any CPU
		{266EE8F5-903A-45DD-AD9F-674459AD00C4}.Release|Any CPU.ActiveCfg = Release|Any CPU
		{266EE8F5-903A-45DD-AD9F-674459AD00C4}.Release|x86.ActiveCfg = Release|Any CPU
		{0176544F-61A0-4F16-8215-0F75B5D82BD0}.Debug|Any CPU.ActiveCfg = Debug|Any CPU
		{0176544F-61A0-4F16-8215-0F75B5D82BD0}.Debug|Any CPU.Build.0 = Debug|Any CPU
		{0176544F-61A0-4F16-8215-0F75B5D82BD0}.Debug|x86.ActiveCfg = Debug|Any CPU
		{0176544F-61A0-4F16-8215-0F75B5D82BD0}.Debug|x86.Build.0 = Debug|Any CPU
		{0176544F-61A0-4F16-8215-0F75B5D82BD0}.Release|Any CPU.ActiveCfg = Release|Any CPU
		{0176544F-61A0-4F16-8215-0F75B5D82BD0}.Release|Any CPU.Build.0 = Release|Any CPU
		{0176544F-61A0-4F16-8215-0F75B5D82BD0}.Release|x86.ActiveCfg = Release|Any CPU
		{0176544F-61A0-4F16-8215-0F75B5D82BD0}.Release|x86.Build.0 = Release|Any CPU
	EndGlobalSection
	GlobalSection(SolutionProperties) = preSolution
		HideSolutionNode = FALSE
	EndGlobalSection
	GlobalSection(ExtensibilityGlobals) = postSolution
		SolutionGuid = {E12444D9-3AA4-4969-8E63-B5A63D7D753E}
	EndGlobalSection
EndGlobal
